# THIS IS AN AUTOGENERATED FILE. DO NOT EDIT THIS FILE DIRECTLY.
# yarn lockfile v1


source-code-pro@2.38.0:
  version "2.38.0"
  resolved "https://registry.yarnpkg.com/source-code-pro/-/source-code-pro-2.38.0.tgz#85c57689f7386bb9d0515fb00ba4845bfb7b485b"
  integrity sha512-JMXu7l3XrLREG17eEwY66ANG9716WTu6OeNvZfRKQKANEvbSERDZjk5AYTHeV6owQNPQTeiiW3ri2Ou93XFGvg==

source-sans@3.46.0:
  version "3.46.0"
  resolved "https://registry.yarnpkg.com/source-sans/-/source-sans-3.46.0.tgz#6af0a47ead682fa8971f0c83e9692e75ef3cbb86"
  integrity sha512-bVC2YX4VNiv5vMcy77dL0XKsNp794ThfynNsr+FqSAwk8TGG0pZsg7eUQi6yHwaRBMVmZ3Aaf4FY46dxIIGgsg==
